
Microsoft Visual Studio Solution File, Format Version 12.00
# Visual Studio Version 16
VisualStudioVersion = 16.0.30804.86
MinimumVisualStudioVersion = 10.0.40219.1
Project("{9A19103F-16F7-4668-BE54-9A1E7A4F7556}") = "CalismaSitesi.Core", "CalismaSitesi.Core\CalismaSitesi.Core.csproj", "{54EF6C0B-6832-496F-82AF-D8ADDF509099}"
EndProject
Project("{9A19103F-16F7-4668-BE54-9A1E7A4F7556}") = "CalismaSitesi.DataAccess", "CalismaSitesi.DataAccess\CalismaSitesi.DataAccess.csproj", "{E32A83F9-23B1-422C-871C-015DDF655612}"
EndProject
Project("{9A19103F-16F7-4668-BE54-9A1E7A4F7556}") = "CalismaSitesi.Entities", "CalismaSitesi.Entities\CalismaSitesi.Entities.csproj", "{F4CF314F-98E3-4146-AFDB-D06B1BD30367}"
EndProject
Project("{9A19103F-16F7-4668-BE54-9A1E7A4F7556}") = "CalismaSitesi.Business", "CalismaSitesi.Business\CalismaSitesi.Business.csproj", "{B02D5D47-96C4-4DFD-A03F-A1E71ABA2575}"
EndProject
Global
	GlobalSection(SolutionConfigurationPlatforms) = preSolution
		Debug|Any CPU = Debug|Any CPU
		Release|Any CPU = Release|Any CPU
	EndGlobalSection
	GlobalSection(ProjectConfigurationPlatforms) = postSolution
		{54EF6C0B-6832-496F-82AF-D8ADDF509099}.Debug|Any CPU.ActiveCfg = Debug|Any CPU
		{54EF6C0B-6832-496F-82AF-D8ADDF509099}.Debug|Any CPU.Build.0 = Debug|Any CPU
		{54EF6C0B-6832-496F-82AF-D8ADDF509099}.Release|Any CPU.ActiveCfg = Release|Any CPU
		{54EF6C0B-6832-496F-82AF-D8ADDF509099}.Release|Any CPU.Build.0 = Release|Any CPU
		{E32A83F9-23B1-422C-871C-015DDF655612}.Debug|Any CPU.ActiveCfg = Debug|Any CPU
		{E32A83F9-23B1-422C-871C-015DDF655612}.Debug|Any CPU.Build.0 = Debug|Any CPU
		{E32A83F9-23B1-422C-871C-015DDF655612}.Release|Any CPU.ActiveCfg = Release|Any CPU
		{E32A83F9-23B1-422C-871C-015DDF655612}.Release|Any CPU.Build.0 = Release|Any CPU
		{F4CF314F-98E3-4146-AFDB-D06B1BD30367}.Debug|Any CPU.ActiveCfg = Debug|Any CPU
		{F4CF314F-98E3-4146-AFDB-D06B1BD30367}.Debug|Any CPU.Build.0 = Debug|Any CPU
		{F4CF314F-98E3-4146-AFDB-D06B1BD30367}.Release|Any CPU.ActiveCfg = Release|Any CPU
		{F4CF314F-98E3-4146-AFDB-D06B1BD30367}.Release|Any CPU.Build.0 = Release|Any CPU
		{B02D5D47-96C4-4DFD-A03F-A1E71ABA2575}.Debug|Any CPU.ActiveCfg = Debug|Any CPU
		{B02D5D47-96C4-4DFD-A03F-A1E71ABA2575}.Debug|Any CPU.Build.0 = Debug|Any CPU
		{B02D5D47-96C4-4DFD-A03F-A1E71ABA2575}.Release|Any CPU.ActiveCfg = Release|Any CPU
		{B02D5D47-96C4-4DFD-A03F-A1E71ABA2575}.Release|Any CPU.Build.0 = Release|Any CPU
	EndGlobalSection
	GlobalSection(SolutionProperties) = preSolution
		HideSolutionNode = FALSE
	EndGlobalSection
	GlobalSection(ExtensibilityGlobals) = postSolution
		SolutionGuid = {A2968597-B63A-4F22-9EF3-43C7AE9A8DEF}
	EndGlobalSection
EndGlobal
